
Microsoft Visual Studio Solution File, Format Version 12.00
# Visual Studio 2013
VisualStudioVersion = 12.0.31101.0
MinimumVisualStudioVersion = 10.0.40219.1
Project("{2150E333-8FDC-42A3-9474-1A3956D46DE8}") = "BreakTime", "BreakTime", "{D7EF01FE-4529-4BDD-9121-3617D7FC3727}"
EndProject
Project("{D954291E-2A0B-460D-934E-DC6B0785DB48}") = "App6.Shared", "App6\App6.Shared\App6.Shared.shproj", "{849E5121-7F28-42AA-BCE6-D01C7F1E4032}"
EndProject
Project("{FAE04EC0-301F-11D3-BF4B-00C04F79EFBC}") = "BreakTime.Windows", "App6\App6.Windows\BreakTime.Windows.csproj", "{DD2A226F-55DE-467E-A2E2-72EB4B47E129}"
EndProject
Project("{FAE04EC0-301F-11D3-BF4B-00C04F79EFBC}") = "BreakTime.WindowsPhone", "App6\App6.WindowsPhone\BreakTime.WindowsPhone.csproj", "{A6226B2E-E71C-4C3E-B1AE-63F5D631BF5A}"
EndProject
Global
	GlobalSection(SharedMSBuildProjectFiles) = preSolution
		App6\App6.Shared\App6.Shared.projitems*{dd2a226f-55de-467e-a2e2-72eb4b47e129}*SharedItemsImports = 4
		App6\App6.Shared\App6.Shared.projitems*{a6226b2e-e71c-4c3e-b1ae-63f5d631bf5a}*SharedItemsImports = 4
		App6\App6.Shared\App6.Shared.projitems*{849e5121-7f28-42aa-bce6-d01c7f1e4032}*SharedItemsImports = 13
	EndGlobalSection
	GlobalSection(SolutionConfigurationPlatforms) = preSolution
		Debug|Any CPU = Debug|Any CPU
		Debug|ARM = Debug|ARM
		Debug|x64 = Debug|x64
		Debug|x86 = Debug|x86
		Release|Any CPU = Release|Any CPU
		Release|ARM = Release|ARM
		Release|x64 = Release|x64
		Release|x86 = Release|x86
	EndGlobalSection
	GlobalSection(ProjectConfigurationPlatforms) = postSolution
		{DD2A226F-55DE-467E-A2E2-72EB4B47E129}.Debug|Any CPU.ActiveCfg = Debug|Any CPU
		{DD2A226F-55DE-467E-A2E2-72EB4B47E129}.Debug|Any CPU.Build.0 = Debug|Any CPU
		{DD2A226F-55DE-467E-A2E2-72EB4B47E129}.Debug|Any CPU.Deploy.0 = Debug|Any CPU
		{DD2A226F-55DE-467E-A2E2-72EB4B47E129}.Debug|ARM.ActiveCfg = Debug|ARM
		{DD2A226F-55DE-467E-A2E2-72EB4B47E129}.Debug|ARM.Build.0 = Debug|ARM
		{DD2A226F-55DE-467E-A2E2-72EB4B47E129}.Debug|ARM.Deploy.0 = Debug|ARM
		{DD2A226F-55DE-467E-A2E2-72EB4B47E129}.Debug|x64.ActiveCfg = Debug|x64
		{DD2A226F-55DE-467E-A2E2-72EB4B47E129}.Debug|x64.Build.0 = Debug|x64
		{DD2A226F-55DE-467E-A2E2-72EB4B47E129}.Debug|x64.Deploy.0 = Debug|x64
		{DD2A226F-55DE-467E-A2E2-72EB4B47E129}.Debug|x86.ActiveCfg = Debug|x86
		{DD2A226F-55DE-467E-A2E2-72EB4B47E129}.Debug|x86.Build.0 = Debug|x86
		{DD2A226F-55DE-467E-A2E2-72EB4B47E129}.Debug|x86.Deploy.0 = Debug|x86
		{DD2A226F-55DE-467E-A2E2-72EB4B47E129}.Release|Any CPU.ActiveCfg = Release|Any CPU
		{DD2A226F-55DE-467E-A2E2-72EB4B47E129}.Release|Any CPU.Build.0 = Release|Any CPU
		{DD2A226F-55DE-467E-A2E2-72EB4B47E129}.Release|Any CPU.Deploy.0 = Release|Any CPU
		{DD2A226F-55DE-467E-A2E2-72EB4B47E129}.Release|ARM.ActiveCfg = Release|ARM
		{DD2A226F-55DE-467E-A2E2-72EB4B47E129}.Release|ARM.Build.0 = Release|ARM
		{DD2A226F-55DE-467E-A2E2-72EB4B47E129}.Release|ARM.Deploy.0 = Release|ARM
		{DD2A226F-55DE-467E-A2E2-72EB4B47E129}.Release|x64.ActiveCfg = Release|x64
		{DD2A226F-55DE-467E-A2E2-72EB4B47E129}.Release|x64.Build.0 = Release|x64
		{DD2A226F-55DE-467E-A2E2-72EB4B47E129}.Release|x64.Deploy.0 = Release|x64
		{DD2A226F-55DE-467E-A2E2-72EB4B47E129}.Release|x86.ActiveCfg = Release|x86
		{DD2A226F-55DE-467E-A2E2-72EB4B47E129}.Release|x86.Build.0 = Release|x86
		{DD2A226F-55DE-467E-A2E2-72EB4B47E129}.Release|x86.Deploy.0 = Release|x86
		{A6226B2E-E71C-4C3E-B1AE-63F5D631BF5A}.Debug|Any CPU.ActiveCfg = Debug|Any CPU
		{A6226B2E-E71C-4C3E-B1AE-63F5D631BF5A}.Debug|Any CPU.Build.0 = Debug|Any CPU
		{A6226B2E-E71C-4C3E-B1AE-63F5D631BF5A}.Debug|Any CPU.Deploy.0 = Debug|Any CPU
		{A6226B2E-E71C-4C3E-B1AE-63F5D631BF5A}.Debug|ARM.ActiveCfg = Debug|ARM
		{A6226B2E-E71C-4C3E-B1AE-63F5D631BF5A}.Debug|ARM.Build.0 = Debug|ARM
		{A6226B2E-E71C-4C3E-B1AE-63F5D631BF5A}.Debug|ARM.Deploy.0 = Debug|ARM
		{A6226B2E-E71C-4C3E-B1AE-63F5D631BF5A}.Debug|x64.ActiveCfg = Debug|Any CPU
		{A6226B2E-E71C-4C3E-B1AE-63F5D631BF5A}.Debug|x86.ActiveCfg = Debug|x86
		{A6226B2E-E71C-4C3E-B1AE-63F5D631BF5A}.Debug|x86.Build.0 = Debug|x86
		{A6226B2E-E71C-4C3E-B1AE-63F5D631BF5A}.Debug|x86.Deploy.0 = Debug|x86
		{A6226B2E-E71C-4C3E-B1AE-63F5D631BF5A}.Release|Any CPU.ActiveCfg = Release|Any CPU
		{A6226B2E-E71C-4C3E-B1AE-63F5D631BF5A}.Release|Any CPU.Build.0 = Release|Any CPU
		{A6226B2E-E71C-4C3E-B1AE-63F5D631BF5A}.Release|Any CPU.Deploy.0 = Release|Any CPU
		{A6226B2E-E71C-4C3E-B1AE-63F5D631BF5A}.Release|ARM.ActiveCfg = Release|ARM
		{A6226B2E-E71C-4C3E-B1AE-63F5D631BF5A}.Release|ARM.Build.0 = Release|ARM
		{A6226B2E-E71C-4C3E-B1AE-63F5D631BF5A}.Release|ARM.Deploy.0 = Release|ARM
		{A6226B2E-E71C-4C3E-B1AE-63F5D631BF5A}.Release|x64.ActiveCfg = Release|Any CPU
		{A6226B2E-E71C-4C3E-B1AE-63F5D631BF5A}.Release|x86.ActiveCfg = Release|x86
		{A6226B2E-E71C-4C3E-B1AE-63F5D631BF5A}.Release|x86.Build.0 = Release|x86
		{A6226B2E-E71C-4C3E-B1AE-63F5D631BF5A}.Release|x86.Deploy.0 = Release|x86
	EndGlobalSection
	GlobalSection(SolutionProperties) = preSolution
		HideSolutionNode = FALSE
	EndGlobalSection
	GlobalSection(NestedProjects) = preSolution
		{849E5121-7F28-42AA-BCE6-D01C7F1E4032} = {D7EF01FE-4529-4BDD-9121-3617D7FC3727}
		{DD2A226F-55DE-467E-A2E2-72EB4B47E129} = {D7EF01FE-4529-4BDD-9121-3617D7FC3727}
		{A6226B2E-E71C-4C3E-B1AE-63F5D631BF5A} = {D7EF01FE-4529-4BDD-9121-3617D7FC3727}
	EndGlobalSection
	GlobalSection(CodealikeProperties) = postSolution
		SolutionGuid = c4b0059e-d5dd-40ea-93ac-1f4a0894a401
	EndGlobalSection
EndGlobal
